
Microsoft Visual Studio Solution File, Format Version 12.00
# Visual Studio Version 17
VisualStudioVersion = 17.8.34309.116
MinimumVisualStudioVersion = 10.0.40219.1
Project("{FAE04EC0-301F-11D3-BF4B-00C04F79EFBC}") = "SistemaInventario", "SistemaInventario\SistemaInventario.csproj", "{C5336888-FDA4-4705-AD39-E2CBDA922B50}"
EndProject
Project("{FAE04EC0-301F-11D3-BF4B-00C04F79EFBC}") = "SistemaInventario.AccesoDatos", "SistemaInventario.AccesoDatos\SistemaInventario.AccesoDatos.csproj", "{CB9016A2-2BF0-4174-AAC5-153DA21CCD32}"
EndProject
Project("{FAE04EC0-301F-11D3-BF4B-00C04F79EFBC}") = "SistemaInventario.Modelos", "SistemaInventario.Modelos\SistemaInventario.Modelos.csproj", "{03AC5B59-34E0-4F04-8A2B-9A8DD5562DC4}"
EndProject
Project("{FAE04EC0-301F-11D3-BF4B-00C04F79EFBC}") = "SistemaInventario.Utilidades", "SistemaInventario.Utilidades\SistemaInventario.Utilidades.csproj", "{9A0D379C-0B8A-4F94-A031-346A690352FC}"
EndProject
Global
	GlobalSection(SolutionConfigurationPlatforms) = preSolution
		Debug|Any CPU = Debug|Any CPU
		Release|Any CPU = Release|Any CPU
	EndGlobalSection
	GlobalSection(ProjectConfigurationPlatforms) = postSolution
		{C5336888-FDA4-4705-AD39-E2CBDA922B50}.Debug|Any CPU.ActiveCfg = Debug|Any CPU
		{C5336888-FDA4-4705-AD39-E2CBDA922B50}.Debug|Any CPU.Build.0 = Debug|Any CPU
		{C5336888-FDA4-4705-AD39-E2CBDA922B50}.Release|Any CPU.ActiveCfg = Release|Any CPU
		{C5336888-FDA4-4705-AD39-E2CBDA922B50}.Release|Any CPU.Build.0 = Release|Any CPU
		{CB9016A2-2BF0-4174-AAC5-153DA21CCD32}.Debug|Any CPU.ActiveCfg = Debug|Any CPU
		{CB9016A2-2BF0-4174-AAC5-153DA21CCD32}.Debug|Any CPU.Build.0 = Debug|Any CPU
		{CB9016A2-2BF0-4174-AAC5-153DA21CCD32}.Release|Any CPU.ActiveCfg = Release|Any CPU
		{CB9016A2-2BF0-4174-AAC5-153DA21CCD32}.Release|Any CPU.Build.0 = Release|Any CPU
		{03AC5B59-34E0-4F04-8A2B-9A8DD5562DC4}.Debug|Any CPU.ActiveCfg = Debug|Any CPU
		{03AC5B59-34E0-4F04-8A2B-9A8DD5562DC4}.Debug|Any CPU.Build.0 = Debug|Any CPU
		{03AC5B59-34E0-4F04-8A2B-9A8DD5562DC4}.Release|Any CPU.ActiveCfg = Release|Any CPU
		{03AC5B59-34E0-4F04-8A2B-9A8DD5562DC4}.Release|Any CPU.Build.0 = Release|Any CPU
		{9A0D379C-0B8A-4F94-A031-346A690352FC}.Debug|Any CPU.ActiveCfg = Debug|Any CPU
		{9A0D379C-0B8A-4F94-A031-346A690352FC}.Debug|Any CPU.Build.0 = Debug|Any CPU
		{9A0D379C-0B8A-4F94-A031-346A690352FC}.Release|Any CPU.ActiveCfg = Release|Any CPU
		{9A0D379C-0B8A-4F94-A031-346A690352FC}.Release|Any CPU.Build.0 = Release|Any CPU
	EndGlobalSection
	GlobalSection(SolutionProperties) = preSolution
		HideSolutionNode = FALSE
	EndGlobalSection
	GlobalSection(ExtensibilityGlobals) = postSolution
		SolutionGuid = {4681EE30-FB8E-4C8A-8E6F-EAD9EED8A55E}
	EndGlobalSection
EndGlobal
